// !$*UTF8*$!
{
	archiveVersion = 1;
	classes = {
	};
	objectVersion = 46;
	objects = {

/* Begin PBXBuildFile section */
		61083A0516D5CA1B001F07F0 /* Queue.m in Sources */ = {isa = PBXBuildFile; fileRef = 61083A0416D5CA1B001F07F0 /* Queue.m */; };
		616D351116CF04A400786167 /* AFHTTPClient.m in Sources */ = {isa = PBXBuildFile; fileRef = 616D34FF16CF04A400786167 /* AFHTTPClient.m */; };
		616D351216CF04A400786167 /* AFHTTPRequestOperation.m in Sources */ = {isa = PBXBuildFile; fileRef = 616D350116CF04A400786167 /* AFHTTPRequestOperation.m */; };
		616D351316CF04A400786167 /* AFImageRequestOperation.m in Sources */ = {isa = PBXBuildFile; fileRef = 616D350316CF04A400786167 /* AFImageRequestOperation.m */; };
		616D351416CF04A400786167 /* AFJSONRequestOperation.m in Sources */ = {isa = PBXBuildFile; fileRef = 616D350516CF04A400786167 /* AFJSONRequestOperation.m */; };
		616D351516CF04A400786167 /* AFNetworkActivityIndicatorManager.m in Sources */ = {isa = PBXBuildFile; fileRef = 616D350716CF04A400786167 /* AFNetworkActivityIndicatorManager.m */; };
		616D351616CF04A400786167 /* AFPropertyListRequestOperation.m in Sources */ = {isa = PBXBuildFile; fileRef = 616D350A16CF04A400786167 /* AFPropertyListRequestOperation.m */; };
		616D351716CF04A400786167 /* AFURLConnectionOperation.m in Sources */ = {isa = PBXBuildFile; fileRef = 616D350C16CF04A400786167 /* AFURLConnectionOperation.m */; };
		616D351816CF04A400786167 /* AFXMLRequestOperation.m in Sources */ = {isa = PBXBuildFile; fileRef = 616D350E16CF04A400786167 /* AFXMLRequestOperation.m */; };
		616D351916CF04A400786167 /* UIImageView+AFNetworking.m in Sources */ = {isa = PBXBuildFile; fileRef = 616D351016CF04A400786167 /* UIImageView+AFNetworking.m */; };
		61B6D5F116CEB6A10018D684 /* Cocoa.framework in Frameworks */ = {isa = PBXBuildFile; fileRef = 61B6D5F016CEB6A10018D684 /* Cocoa.framework */; };
		61B6D5FB16CEB6A20018D684 /* InfoPlist.strings in Resources */ = {isa = PBXBuildFile; fileRef = 61B6D5F916CEB6A20018D684 /* InfoPlist.strings */; };
		61B6D5FD16CEB6A20018D684 /* main.m in Sources */ = {isa = PBXBuildFile; fileRef = 61B6D5FC16CEB6A20018D684 /* main.m */; };
		61B6D60116CEB6A20018D684 /* Credits.rtf in Resources */ = {isa = PBXBuildFile; fileRef = 61B6D5FF16CEB6A20018D684 /* Credits.rtf */; };
		61B6D60416CEB6A20018D684 /* AppDelegate.m in Sources */ = {isa = PBXBuildFile; fileRef = 61B6D60316CEB6A20018D684 /* AppDelegate.m */; };
		61B6D60716CEB6A20018D684 /* MainMenu.xib in Resources */ = {isa = PBXBuildFile; fileRef = 61B6D60516CEB6A20018D684 /* MainMenu.xib */; };
		61B6D62B16CEC1990018D684 /* icon.png in Resources */ = {isa = PBXBuildFile; fileRef = 61B6D62A16CEC1990018D684 /* icon.png */; };
		61B6D62E16CEE2B50018D684 /* CoreFoundation.framework in Frameworks */ = {isa = PBXBuildFile; fileRef = 61B6D62D16CEE2B50018D684 /* CoreFoundation.framework */; };
		61B6D63116CEE65D0018D684 /* HIDThing.m in Sources */ = {isa = PBXBuildFile; fileRef = 61B6D63016CEE65D0018D684 /* HIDThing.m */; };
		61B6D63416CEEA260018D684 /* SystemConfiguration.framework in Frameworks */ = {isa = PBXBuildFile; fileRef = 61B6D63316CEEA260018D684 /* SystemConfiguration.framework */; };
		61B6D63616CEEAB90018D684 /* CoreServices.framework in Frameworks */ = {isa = PBXBuildFile; fileRef = 61B6D63516CEEAB90018D684 /* CoreServices.framework */; };
		61B6D66D16CEF2780018D684 /* IOKit.framework in Frameworks */ = {isa = PBXBuildFile; fileRef = 61B6D66C16CEF2780018D684 /* IOKit.framework */; };
		FF51294816D57C250032ACA3 /* icon.psd in Resources */ = {isa = PBXBuildFile; fileRef = FF51294516D57C250032ACA3 /* icon.psd */; };
		FF51294916D57C250032ACA3 /* settings.txt in Resources */ = {isa = PBXBuildFile; fileRef = FF51294616D57C250032ACA3 /* settings.txt */; };
		FF9D70B616D6D2AC00118835 /* MusicManager.m in Sources */ = {isa = PBXBuildFile; fileRef = FF9D70B516D6D2AC00118835 /* MusicManager.m */; };
		FF9D70B816D6D2BA00118835 /* fixit.mp3 in Resources */ = {isa = PBXBuildFile; fileRef = FF9D70B716D6D2BA00118835 /* fixit.mp3 */; };
		FF9D70BA16D6D33D00118835 /* AVFoundation.framework in Frameworks */ = {isa = PBXBuildFile; fileRef = FF9D70B916D6D33D00118835 /* AVFoundation.framework */; };
		FFA32C7616D4363C00744E12 /* XMLManager.m in Sources */ = {isa = PBXBuildFile; fileRef = FFA32C7516D4363C00744E12 /* XMLManager.m */; };
/* End PBXBuildFile section */

/* Begin PBXFileReference section */
		61083A0316D5CA1B001F07F0 /* Queue.h */ = {isa = PBXFileReference; fileEncoding = 4; lastKnownFileType = sourcecode.c.h; name = Queue.h; path = utils/Queue.h; sourceTree = "<group>"; };
		61083A0416D5CA1B001F07F0 /* Queue.m */ = {isa = PBXFileReference; fileEncoding = 4; lastKnownFileType = sourcecode.c.objc; name = Queue.m; path = utils/Queue.m; sourceTree = "<group>"; };
		616D34FE16CF04A400786167 /* AFHTTPClient.h */ = {isa = PBXFileReference; fileEncoding = 4; lastKnownFileType = sourcecode.c.h; path = AFHTTPClient.h; sourceTree = "<group>"; };
		616D34FF16CF04A400786167 /* AFHTTPClient.m */ = {isa = PBXFileReference; fileEncoding = 4; lastKnownFileType = sourcecode.c.objc; path = AFHTTPClient.m; sourceTree = "<group>"; };
		616D350016CF04A400786167 /* AFHTTPRequestOperation.h */ = {isa = PBXFileReference; fileEncoding = 4; lastKnownFileType = sourcecode.c.h; path = AFHTTPRequestOperation.h; sourceTree = "<group>"; };
		616D350116CF04A400786167 /* AFHTTPRequestOperation.m */ = {isa = PBXFileReference; fileEncoding = 4; lastKnownFileType = sourcecode.c.objc; path = AFHTTPRequestOperation.m; sourceTree = "<group>"; };
		616D350216CF04A400786167 /* AFImageRequestOperation.h */ = {isa = PBXFileReference; fileEncoding = 4; lastKnownFileType = sourcecode.c.h; path = AFImageRequestOperation.h; sourceTree = "<group>"; };
		616D350316CF04A400786167 /* AFImageRequestOperation.m */ = {isa = PBXFileReference; fileEncoding = 4; lastKnownFileType = sourcecode.c.objc; path = AFImageRequestOperation.m; sourceTree = "<group>"; };
		616D350416CF04A400786167 /* AFJSONRequestOperation.h */ = {isa = PBXFileReference; fileEncoding = 4; lastKnownFileType = sourcecode.c.h; path = AFJSONRequestOperation.h; sourceTree = "<group>"; };
		616D350516CF04A400786167 /* AFJSONRequestOperation.m */ = {isa = PBXFileReference; fileEncoding = 4; lastKnownFileType = sourcecode.c.objc; path = AFJSONRequestOperation.m; sourceTree = "<group>"; };
		616D350616CF04A400786167 /* AFNetworkActivityIndicatorManager.h */ = {isa = PBXFileReference; fileEncoding = 4; lastKnownFileType = sourcecode.c.h; path = AFNetworkActivityIndicatorManager.h; sourceTree = "<group>"; };
		616D350716CF04A400786167 /* AFNetworkActivityIndicatorManager.m */ = {isa = PBXFileReference; fileEncoding = 4; lastKnownFileType = sourcecode.c.objc; path = AFNetworkActivityIndicatorManager.m; sourceTree = "<group>"; };
		616D350816CF04A400786167 /* AFNetworking.h */ = {isa = PBXFileReference; fileEncoding = 4; lastKnownFileType = sourcecode.c.h; path = AFNetworking.h; sourceTree = "<group>"; };
		616D350916CF04A400786167 /* AFPropertyListRequestOperation.h */ = {isa = PBXFileReference; fileEncoding = 4; lastKnownFileType = sourcecode.c.h; path = AFPropertyListRequestOperation.h; sourceTree = "<group>"; };
		616D350A16CF04A400786167 /* AFPropertyListRequestOperation.m */ = {isa = PBXFileReference; fileEncoding = 4; lastKnownFileType = sourcecode.c.objc; path = AFPropertyListRequestOperation.m; sourceTree = "<group>"; };
		616D350B16CF04A400786167 /* AFURLConnectionOperation.h */ = {isa = PBXFileReference; fileEncoding = 4; lastKnownFileType = sourcecode.c.h; path = AFURLConnectionOperation.h; sourceTree = "<group>"; };
		616D350C16CF04A400786167 /* AFURLConnectionOperation.m */ = {isa = PBXFileReference; fileEncoding = 4; lastKnownFileType = sourcecode.c.objc; path = AFURLConnectionOperation.m; sourceTree = "<group>"; };
		616D350D16CF04A400786167 /* AFXMLRequestOperation.h */ = {isa = PBXFileReference; fileEncoding = 4; lastKnownFileType = sourcecode.c.h; path = AFXMLRequestOperation.h; sourceTree = "<group>"; };
		616D350E16CF04A400786167 /* AFXMLRequestOperation.m */ = {isa = PBXFileReference; fileEncoding = 4; lastKnownFileType = sourcecode.c.objc; path = AFXMLRequestOperation.m; sourceTree = "<group>"; };
		616D350F16CF04A400786167 /* UIImageView+AFNetworking.h */ = {isa = PBXFileReference; fileEncoding = 4; lastKnownFileType = sourcecode.c.h; path = "UIImageView+AFNetworking.h"; sourceTree = "<group>"; };
		616D351016CF04A400786167 /* UIImageView+AFNetworking.m */ = {isa = PBXFileReference; fileEncoding = 4; lastKnownFileType = sourcecode.c.objc; path = "UIImageView+AFNetworking.m"; sourceTree = "<group>"; };
		61B6D5ED16CEB6A10018D684 /* WarGames.app */ = {isa = PBXFileReference; explicitFileType = wrapper.application; includeInIndex = 0; path = WarGames.app; sourceTree = BUILT_PRODUCTS_DIR; };
		61B6D5F016CEB6A10018D684 /* Cocoa.framework */ = {isa = PBXFileReference; lastKnownFileType = wrapper.framework; name = Cocoa.framework; path = System/Library/Frameworks/Cocoa.framework; sourceTree = SDKROOT; };
		61B6D5F316CEB6A10018D684 /* AppKit.framework */ = {isa = PBXFileReference; lastKnownFileType = wrapper.framework; name = AppKit.framework; path = System/Library/Frameworks/AppKit.framework; sourceTree = SDKROOT; };
		61B6D5F416CEB6A10018D684 /* CoreData.framework */ = {isa = PBXFileReference; lastKnownFileType = wrapper.framework; name = CoreData.framework; path = System/Library/Frameworks/CoreData.framework; sourceTree = SDKROOT; };
		61B6D5F516CEB6A10018D684 /* Foundation.framework */ = {isa = PBXFileReference; lastKnownFileType = wrapper.framework; name = Foundation.framework; path = System/Library/Frameworks/Foundation.framework; sourceTree = SDKROOT; };
		61B6D5F816CEB6A20018D684 /* WarGames-Info.plist */ = {isa = PBXFileReference; lastKnownFileType = text.plist.xml; path = "WarGames-Info.plist"; sourceTree = "<group>"; };
		61B6D5FA16CEB6A20018D684 /* en */ = {isa = PBXFileReference; lastKnownFileType = text.plist.strings; name = en; path = en.lproj/InfoPlist.strings; sourceTree = "<group>"; };
		61B6D5FC16CEB6A20018D684 /* main.m */ = {isa = PBXFileReference; lastKnownFileType = sourcecode.c.objc; path = main.m; sourceTree = "<group>"; };
		61B6D5FE16CEB6A20018D684 /* WarGames-Prefix.pch */ = {isa = PBXFileReference; lastKnownFileType = sourcecode.c.h; path = "WarGames-Prefix.pch"; sourceTree = "<group>"; };
		61B6D60016CEB6A20018D684 /* en */ = {isa = PBXFileReference; lastKnownFileType = text.rtf; name = en; path = en.lproj/Credits.rtf; sourceTree = "<group>"; };
		61B6D60216CEB6A20018D684 /* AppDelegate.h */ = {isa = PBXFileReference; lastKnownFileType = sourcecode.c.h; path = AppDelegate.h; sourceTree = "<group>"; };
		61B6D60316CEB6A20018D684 /* AppDelegate.m */ = {isa = PBXFileReference; lastKnownFileType = sourcecode.c.objc; path = AppDelegate.m; sourceTree = "<group>"; };
		61B6D60616CEB6A20018D684 /* en */ = {isa = PBXFileReference; lastKnownFileType = file.xib; name = en; path = en.lproj/MainMenu.xib; sourceTree = "<group>"; };
		61B6D62A16CEC1990018D684 /* icon.png */ = {isa = PBXFileReference; lastKnownFileType = image.png; name = icon.png; path = Resources/icon.png; sourceTree = "<group>"; };
		61B6D62D16CEE2B50018D684 /* CoreFoundation.framework */ = {isa = PBXFileReference; lastKnownFileType = wrapper.framework; name = CoreFoundation.framework; path = System/Library/Frameworks/CoreFoundation.framework; sourceTree = SDKROOT; };
		61B6D62F16CEE65D0018D684 /* HIDThing.h */ = {isa = PBXFileReference; fileEncoding = 4; lastKnownFileType = sourcecode.c.h; path = HIDThing.h; sourceTree = "<group>"; };
		61B6D63016CEE65D0018D684 /* HIDThing.m */ = {isa = PBXFileReference; fileEncoding = 4; lastKnownFileType = sourcecode.c.objc; path = HIDThing.m; sourceTree = "<group>"; };
		61B6D63316CEEA260018D684 /* SystemConfiguration.framework */ = {isa = PBXFileReference; lastKnownFileType = wrapper.framework; name = SystemConfiguration.framework; path = System/Library/Frameworks/SystemConfiguration.framework; sourceTree = SDKROOT; };
		61B6D63516CEEAB90018D684 /* CoreServices.framework */ = {isa = PBXFileReference; lastKnownFileType = wrapper.framework; name = CoreServices.framework; path = System/Library/Frameworks/CoreServices.framework; sourceTree = SDKROOT; };
		61B6D66C16CEF2780018D684 /* IOKit.framework */ = {isa = PBXFileReference; lastKnownFileType = wrapper.framework; name = IOKit.framework; path = System/Library/Frameworks/IOKit.framework; sourceTree = SDKROOT; };
		FF51294416D57C250032ACA3 /* icon.png */ = {isa = PBXFileReference; lastKnownFileType = image.png; path = icon.png; sourceTree = "<group>"; };
		FF51294516D57C250032ACA3 /* icon.psd */ = {isa = PBXFileReference; lastKnownFileType = file; path = icon.psd; sourceTree = "<group>"; };
		FF51294616D57C250032ACA3 /* settings.txt */ = {isa = PBXFileReference; fileEncoding = 4; lastKnownFileType = text; path = settings.txt; sourceTree = "<group>"; };
		FF9D70B416D6D2AC00118835 /* MusicManager.h */ = {isa = PBXFileReference; fileEncoding = 4; lastKnownFileType = sourcecode.c.h; path = MusicManager.h; sourceTree = "<group>"; };
		FF9D70B516D6D2AC00118835 /* MusicManager.m */ = {isa = PBXFileReference; fileEncoding = 4; lastKnownFileType = sourcecode.c.objc; path = MusicManager.m; sourceTree = "<group>"; };
		FF9D70B716D6D2BA00118835 /* fixit.mp3 */ = {isa = PBXFileReference; lastKnownFileType = audio.mp3; name = fixit.mp3; path = Resources/fixit.mp3; sourceTree = "<group>"; };
		FF9D70B916D6D33D00118835 /* AVFoundation.framework */ = {isa = PBXFileReference; lastKnownFileType = wrapper.framework; name = AVFoundation.framework; path = System/Library/Frameworks/AVFoundation.framework; sourceTree = SDKROOT; };
		FFA32C7416D4363C00744E12 /* XMLManager.h */ = {isa = PBXFileReference; fileEncoding = 4; lastKnownFileType = sourcecode.c.h; path = XMLManager.h; sourceTree = "<group>"; };
		FFA32C7516D4363C00744E12 /* XMLManager.m */ = {isa = PBXFileReference; fileEncoding = 4; lastKnownFileType = sourcecode.c.objc; path = XMLManager.m; sourceTree = "<group>"; };
/* End PBXFileReference section */

/* Begin PBXFrameworksBuildPhase section */
		61B6D5EA16CEB6A10018D684 /* Frameworks */ = {
			isa = PBXFrameworksBuildPhase;
			buildActionMask = 2147483647;
			files = (
				FF9D70BA16D6D33D00118835 /* AVFoundation.framework in Frameworks */,
				61B6D63416CEEA260018D684 /* SystemConfiguration.framework in Frameworks */,
				61B6D66D16CEF2780018D684 /* IOKit.framework in Frameworks */,
				61B6D63616CEEAB90018D684 /* CoreServices.framework in Frameworks */,
				61B6D62E16CEE2B50018D684 /* CoreFoundation.framework in Frameworks */,
				61B6D5F116CEB6A10018D684 /* Cocoa.framework in Frameworks */,
			);
			runOnlyForDeploymentPostprocessing = 0;
		};
/* End PBXFrameworksBuildPhase section */

/* Begin PBXGroup section */
		61083A0216D5C9EE001F07F0 /* utils */ = {
			isa = PBXGroup;
			children = (
				61083A0316D5CA1B001F07F0 /* Queue.h */,
				61083A0416D5CA1B001F07F0 /* Queue.m */,
			);
			name = utils;
			sourceTree = "<group>";
		};
		616D34FD16CF04A400786167 /* AFNetworking */ = {
			isa = PBXGroup;
			children = (
				616D34FE16CF04A400786167 /* AFHTTPClient.h */,
				616D34FF16CF04A400786167 /* AFHTTPClient.m */,
				616D350016CF04A400786167 /* AFHTTPRequestOperation.h */,
				616D350116CF04A400786167 /* AFHTTPRequestOperation.m */,
				616D350216CF04A400786167 /* AFImageRequestOperation.h */,
				616D350316CF04A400786167 /* AFImageRequestOperation.m */,
				616D350416CF04A400786167 /* AFJSONRequestOperation.h */,
				616D350516CF04A400786167 /* AFJSONRequestOperation.m */,
				616D350616CF04A400786167 /* AFNetworkActivityIndicatorManager.h */,
				616D350716CF04A400786167 /* AFNetworkActivityIndicatorManager.m */,
				616D350816CF04A400786167 /* AFNetworking.h */,
				616D350916CF04A400786167 /* AFPropertyListRequestOperation.h */,
				616D350A16CF04A400786167 /* AFPropertyListRequestOperation.m */,
				616D350B16CF04A400786167 /* AFURLConnectionOperation.h */,
				616D350C16CF04A400786167 /* AFURLConnectionOperation.m */,
				616D350D16CF04A400786167 /* AFXMLRequestOperation.h */,
				616D350E16CF04A400786167 /* AFXMLRequestOperation.m */,
				616D350F16CF04A400786167 /* UIImageView+AFNetworking.h */,
				616D351016CF04A400786167 /* UIImageView+AFNetworking.m */,
			);
			name = AFNetworking;
			path = Frameworks/AFNetworking;
			sourceTree = "<group>";
		};
		61B6D5E416CEB6A10018D684 = {
			isa = PBXGroup;
			children = (
				FF9D70B916D6D33D00118835 /* AVFoundation.framework */,
				61B6D62C16CEC1A10018D684 /* Resources */,
				61B6D5F616CEB6A10018D684 /* src */,
				61B6D5EF16CEB6A10018D684 /* Frameworks */,
				61B6D5EE16CEB6A10018D684 /* Products */,
			);
			sourceTree = "<group>";
		};
		61B6D5EE16CEB6A10018D684 /* Products */ = {
			isa = PBXGroup;
			children = (
				61B6D5ED16CEB6A10018D684 /* WarGames.app */,
			);
			name = Products;
			sourceTree = "<group>";
		};
		61B6D5EF16CEB6A10018D684 /* Frameworks */ = {
			isa = PBXGroup;
			children = (
				616D34FD16CF04A400786167 /* AFNetworking */,
				61B6D63516CEEAB90018D684 /* CoreServices.framework */,
				61B6D66C16CEF2780018D684 /* IOKit.framework */,
				61B6D63316CEEA260018D684 /* SystemConfiguration.framework */,
				61B6D62D16CEE2B50018D684 /* CoreFoundation.framework */,
				61B6D5F016CEB6A10018D684 /* Cocoa.framework */,
				61B6D5F216CEB6A10018D684 /* Other Frameworks */,
			);
			name = Frameworks;
			sourceTree = "<group>";
		};
		61B6D5F216CEB6A10018D684 /* Other Frameworks */ = {
			isa = PBXGroup;
			children = (
				61B6D5F316CEB6A10018D684 /* AppKit.framework */,
				61B6D5F416CEB6A10018D684 /* CoreData.framework */,
				61B6D5F516CEB6A10018D684 /* Foundation.framework */,
			);
			name = "Other Frameworks";
			sourceTree = "<group>";
		};
		61B6D5F616CEB6A10018D684 /* src */ = {
			isa = PBXGroup;
			children = (
				FF9D70B416D6D2AC00118835 /* MusicManager.h */,
				FF9D70B516D6D2AC00118835 /* MusicManager.m */,
				61083A0216D5C9EE001F07F0 /* utils */,
				61B6D60216CEB6A20018D684 /* AppDelegate.h */,
				61B6D60316CEB6A20018D684 /* AppDelegate.m */,
				61B6D60516CEB6A20018D684 /* MainMenu.xib */,
				61B6D62F16CEE65D0018D684 /* HIDThing.h */,
				61B6D63016CEE65D0018D684 /* HIDThing.m */,
				FFA32C7416D4363C00744E12 /* XMLManager.h */,
				FFA32C7516D4363C00744E12 /* XMLManager.m */,
			);
			name = src;
			path = WarGames;
			sourceTree = "<group>";
		};
		61B6D5F716CEB6A20018D684 /* Supporting Files */ = {
			isa = PBXGroup;
			children = (
				61B6D5F816CEB6A20018D684 /* WarGames-Info.plist */,
				61B6D5F916CEB6A20018D684 /* InfoPlist.strings */,
				61B6D5FC16CEB6A20018D684 /* main.m */,
				61B6D5FE16CEB6A20018D684 /* WarGames-Prefix.pch */,
				61B6D5FF16CEB6A20018D684 /* Credits.rtf */,
			);
			name = "Supporting Files";
			path = WarGames;
			sourceTree = "<group>";
		};
		61B6D62C16CEC1A10018D684 /* Resources */ = {
			isa = PBXGroup;
			children = (
				FF9D70B716D6D2BA00118835 /* fixit.mp3 */,
				61B6D5F716CEB6A20018D684 /* Supporting Files */,
				61B6D62A16CEC1990018D684 /* icon.png */,
				FF51294316D57C250032ACA3 /* Resources */,
			);
			name = Resources;
			sourceTree = "<group>";
		};
		FF51294316D57C250032ACA3 /* Resources */ = {
			isa = PBXGroup;
			children = (
				FF51294416D57C250032ACA3 /* icon.png */,
				FF51294516D57C250032ACA3 /* icon.psd */,
				FF51294616D57C250032ACA3 /* settings.txt */,
			);
			path = Resources;
			sourceTree = "<group>";
		};
/* End PBXGroup section */

/* Begin PBXNativeTarget section */
		61B6D5EC16CEB6A10018D684 /* WarGames */ = {
			isa = PBXNativeTarget;
			buildConfigurationList = 61B6D60A16CEB6A20018D684 /* Build configuration list for PBXNativeTarget "WarGames" */;
			buildPhases = (
				61B6D5E916CEB6A10018D684 /* Sources */,
				61B6D5EA16CEB6A10018D684 /* Frameworks */,
				61B6D5EB16CEB6A10018D684 /* Resources */,
			);
			buildRules = (
			);
			dependencies = (
			);
			name = WarGames;
			productName = WarGames;
			productReference = 61B6D5ED16CEB6A10018D684 /* WarGames.app */;
			productType = "com.apple.product-type.application";
		};
/* End PBXNativeTarget section */

/* Begin PBXProject section */
		61B6D5E516CEB6A10018D684 /* Project object */ = {
			isa = PBXProject;
			attributes = {
				LastUpgradeCheck = 0460;
				ORGANIZATIONNAME = rga;
			};
			buildConfigurationList = 61B6D5E816CEB6A10018D684 /* Build configuration list for PBXProject "WarGames" */;
			compatibilityVersion = "Xcode 3.2";
			developmentRegion = English;
			hasScannedForEncodings = 0;
			knownRegions = (
				en,
			);
			mainGroup = 61B6D5E416CEB6A10018D684;
			productRefGroup = 61B6D5EE16CEB6A10018D684 /* Products */;
			projectDirPath = "";
			projectRoot = "";
			targets = (
				61B6D5EC16CEB6A10018D684 /* WarGames */,
			);
		};
/* End PBXProject section */

/* Begin PBXResourcesBuildPhase section */
		61B6D5EB16CEB6A10018D684 /* Resources */ = {
			isa = PBXResourcesBuildPhase;
			buildActionMask = 2147483647;
			files = (
				61B6D5FB16CEB6A20018D684 /* InfoPlist.strings in Resources */,
				61B6D60116CEB6A20018D684 /* Credits.rtf in Resources */,
				61B6D60716CEB6A20018D684 /* MainMenu.xib in Resources */,
				61B6D62B16CEC1990018D684 /* icon.png in Resources */,
				FF51294816D57C250032ACA3 /* icon.psd in Resources */,
				FF51294916D57C250032ACA3 /* settings.txt in Resources */,
				FF9D70B816D6D2BA00118835 /* fixit.mp3 in Resources */,
			);
			runOnlyForDeploymentPostprocessing = 0;
		};
/* End PBXResourcesBuildPhase section */

/* Begin PBXSourcesBuildPhase section */
		61B6D5E916CEB6A10018D684 /* Sources */ = {
			isa = PBXSourcesBuildPhase;
			buildActionMask = 2147483647;
			files = (
				61B6D5FD16CEB6A20018D684 /* main.m in Sources */,
				61B6D60416CEB6A20018D684 /* AppDelegate.m in Sources */,
				61B6D63116CEE65D0018D684 /* HIDThing.m in Sources */,
				616D351116CF04A400786167 /* AFHTTPClient.m in Sources */,
				616D351216CF04A400786167 /* AFHTTPRequestOperation.m in Sources */,
				616D351316CF04A400786167 /* AFImageRequestOperation.m in Sources */,
				616D351416CF04A400786167 /* AFJSONRequestOperation.m in Sources */,
				616D351516CF04A400786167 /* AFNetworkActivityIndicatorManager.m in Sources */,
				616D351616CF04A400786167 /* AFPropertyListRequestOperation.m in Sources */,
				616D351716CF04A400786167 /* AFURLConnectionOperation.m in Sources */,
				616D351816CF04A400786167 /* AFXMLRequestOperation.m in Sources */,
				616D351916CF04A400786167 /* UIImageView+AFNetworking.m in Sources */,
				FFA32C7616D4363C00744E12 /* XMLManager.m in Sources */,
				61083A0516D5CA1B001F07F0 /* Queue.m in Sources */,
				FF9D70B616D6D2AC00118835 /* MusicManager.m in Sources */,
			);
			runOnlyForDeploymentPostprocessing = 0;
		};
/* End PBXSourcesBuildPhase section */

/* Begin PBXVariantGroup section */
		61B6D5F916CEB6A20018D684 /* InfoPlist.strings */ = {
			isa = PBXVariantGroup;
			children = (
				61B6D5FA16CEB6A20018D684 /* en */,
			);
			name = InfoPlist.strings;
			sourceTree = "<group>";
		};
		61B6D5FF16CEB6A20018D684 /* Credits.rtf */ = {
			isa = PBXVariantGroup;
			children = (
				61B6D60016CEB6A20018D684 /* en */,
			);
			name = Credits.rtf;
			sourceTree = "<group>";
		};
		61B6D60516CEB6A20018D684 /* MainMenu.xib */ = {
			isa = PBXVariantGroup;
			children = (
				61B6D60616CEB6A20018D684 /* en */,
			);
			name = MainMenu.xib;
			sourceTree = "<group>";
		};
/* End PBXVariantGroup section */

/* Begin XCBuildConfiguration section */
		61B6D60816CEB6A20018D684 /* Debug */ = {
			isa = XCBuildConfiguration;
			buildSettings = {
				ALWAYS_SEARCH_USER_PATHS = NO;
				ARCHS = "$(ARCHS_STANDARD_64_BIT)";
				CLANG_CXX_LANGUAGE_STANDARD = "gnu++0x";
				CLANG_CXX_LIBRARY = "libc++";
				CLANG_ENABLE_OBJC_ARC = YES;
				CLANG_WARN_CONSTANT_CONVERSION = YES;
				CLANG_WARN_EMPTY_BODY = YES;
				CLANG_WARN_ENUM_CONVERSION = YES;
				CLANG_WARN_INT_CONVERSION = YES;
				CLANG_WARN__DUPLICATE_METHOD_MATCH = YES;
				COPY_PHASE_STRIP = NO;
				GCC_C_LANGUAGE_STANDARD = gnu99;
				GCC_DYNAMIC_NO_PIC = NO;
				GCC_ENABLE_OBJC_EXCEPTIONS = YES;
				GCC_OPTIMIZATION_LEVEL = 0;
				GCC_PREPROCESSOR_DEFINITIONS = (
					"DEBUG=1",
					"$(inherited)",
				);
				GCC_SYMBOLS_PRIVATE_EXTERN = NO;
				GCC_WARN_64_TO_32_BIT_CONVERSION = YES;
				GCC_WARN_ABOUT_RETURN_TYPE = YES;
				GCC_WARN_UNINITIALIZED_AUTOS = YES;
				GCC_WARN_UNUSED_VARIABLE = YES;
				MACOSX_DEPLOYMENT_TARGET = 10.6;
				ONLY_ACTIVE_ARCH = YES;
				SDKROOT = macosx;
			};
			name = Debug;
		};
		61B6D60916CEB6A20018D684 /* Release */ = {
			isa = XCBuildConfiguration;
			buildSettings = {
				ALWAYS_SEARCH_USER_PATHS = NO;
				ARCHS = "$(ARCHS_STANDARD_64_BIT)";
				CLANG_CXX_LANGUAGE_STANDARD = "gnu++0x";
				CLANG_CXX_LIBRARY = "libc++";
				CLANG_ENABLE_OBJC_ARC = YES;
				CLANG_WARN_CONSTANT_CONVERSION = YES;
				CLANG_WARN_EMPTY_BODY = YES;
				CLANG_WARN_ENUM_CONVERSION = YES;
				CLANG_WARN_INT_CONVERSION = YES;
				CLANG_WARN__DUPLICATE_METHOD_MATCH = YES;
				COPY_PHASE_STRIP = YES;
				DEBUG_INFORMATION_FORMAT = "dwarf-with-dsym";
				GCC_C_LANGUAGE_STANDARD = gnu99;
				GCC_ENABLE_OBJC_EXCEPTIONS = YES;
				GCC_WARN_64_TO_32_BIT_CONVERSION = YES;
				GCC_WARN_ABOUT_RETURN_TYPE = YES;
				GCC_WARN_UNINITIALIZED_AUTOS = YES;
				GCC_WARN_UNUSED_VARIABLE = YES;
				MACOSX_DEPLOYMENT_TARGET = 10.6;
				SDKROOT = macosx;
			};
			name = Release;
		};
		61B6D60B16CEB6A20018D684 /* Debug */ = {
			isa = XCBuildConfiguration;
			buildSettings = {
				ARCHS = "$(ARCHS_STANDARD_64_BIT)";
				COMBINE_HIDPI_IMAGES = YES;
				GCC_PRECOMPILE_PREFIX_HEADER = YES;
				GCC_PREFIX_HEADER = "WarGames/WarGames-Prefix.pch";
				INFOPLIST_FILE = "WarGames/WarGames-Info.plist";
				MACOSX_DEPLOYMENT_TARGET = 10.7;
				PRODUCT_NAME = "$(TARGET_NAME)";
				WRAPPER_EXTENSION = app;
			};
			name = Debug;
		};
		61B6D60C16CEB6A20018D684 /* Release */ = {
			isa = XCBuildConfiguration;
			buildSettings = {
				ARCHS = "$(ARCHS_STANDARD_64_BIT)";
				COMBINE_HIDPI_IMAGES = YES;
				GCC_PRECOMPILE_PREFIX_HEADER = YES;
				GCC_PREFIX_HEADER = "WarGames/WarGames-Prefix.pch";
				INFOPLIST_FILE = "WarGames/WarGames-Info.plist";
				MACOSX_DEPLOYMENT_TARGET = 10.7;
				PRODUCT_NAME = "$(TARGET_NAME)";
				WRAPPER_EXTENSION = app;
			};
			name = Release;
		};
/* End XCBuildConfiguration section */

/* Begin XCConfigurationList section */
		61B6D5E816CEB6A10018D684 /* Build configuration list for PBXProject "WarGames" */ = {
			isa = XCConfigurationList;
			buildConfigurations = (
				61B6D60816CEB6A20018D684 /* Debug */,
				61B6D60916CEB6A20018D684 /* Release */,
			);
			defaultConfigurationIsVisible = 0;
			defaultConfigurationName = Release;
		};
		61B6D60A16CEB6A20018D684 /* Build configuration list for PBXNativeTarget "WarGames" */ = {
			isa = XCConfigurationList;
			buildConfigurations = (
				61B6D60B16CEB6A20018D684 /* Debug */,
				61B6D60C16CEB6A20018D684 /* Release */,
			);
			defaultConfigurationIsVisible = 0;
			defaultConfigurationName = Release;
		};
/* End XCConfigurationList section */
	};
	rootObject = 61B6D5E516CEB6A10018D684 /* Project object */;
}
